// !$*UTF8*$!
{
	archiveVersion = 1;
	classes = {
	};
	objectVersion = 50;
	objects = {

/* Begin PBXBuildFile section */
		05419040267ACF58004A4AC9 /* holiday.json in Resources */ = {isa = PBXBuildFile; fileRef = 0541903F267ACF58004A4AC9 /* holiday.json */; };
		0550D1452671E952004000BE /* UADayView.swift in Sources */ = {isa = PBXBuildFile; fileRef = 0550D1442671E952004000BE /* UADayView.swift */; };
		0550D14726734517004000BE /* UAHeadView.swift in Sources */ = {isa = PBXBuildFile; fileRef = 0550D14626734517004000BE /* UAHeadView.swift */; };
		0550D1492673458C004000BE /* FlippedView.swift in Sources */ = {isa = PBXBuildFile; fileRef = 0550D1482673458C004000BE /* FlippedView.swift */; };
		0550D14B2674B0E6004000BE /* UACalYearView.swift in Sources */ = {isa = PBXBuildFile; fileRef = 0550D14A2674B0E6004000BE /* UACalYearView.swift */; };
		0583956E266EE572009B6C58 /* AppDelegate.swift in Sources */ = {isa = PBXBuildFile; fileRef = 0583956D266EE572009B6C58 /* AppDelegate.swift */; };
		05839570266EE575009B6C58 /* Assets.xcassets in Resources */ = {isa = PBXBuildFile; fileRef = 0583956F266EE575009B6C58 /* Assets.xcassets */; };
		05839573266EE575009B6C58 /* MainMenu.xib in Resources */ = {isa = PBXBuildFile; fileRef = 05839571266EE575009B6C58 /* MainMenu.xib */; };
		05839580266EE7B8009B6C58 /* UADateUtil.swift in Sources */ = {isa = PBXBuildFile; fileRef = 0583957F266EE7B8009B6C58 /* UADateUtil.swift */; };
		05839584266F0340009B6C58 /* UACalView.swift in Sources */ = {isa = PBXBuildFile; fileRef = 05839583266F0340009B6C58 /* UACalView.swift */; };
/* End PBXBuildFile section */

/* Begin PBXFileReference section */
		0541903F267ACF58004A4AC9 /* holiday.json */ = {isa = PBXFileReference; fileEncoding = 4; lastKnownFileType = text.json; path = holiday.json; sourceTree = "<group>"; };
		0550D1442671E952004000BE /* UADayView.swift */ = {isa = PBXFileReference; lastKnownFileType = sourcecode.swift; path = UADayView.swift; sourceTree = "<group>"; };
		0550D14626734517004000BE /* UAHeadView.swift */ = {isa = PBXFileReference; lastKnownFileType = sourcecode.swift; path = UAHeadView.swift; sourceTree = "<group>"; };
		0550D1482673458C004000BE /* FlippedView.swift */ = {isa = PBXFileReference; lastKnownFileType = sourcecode.swift; path = FlippedView.swift; sourceTree = "<group>"; };
		0550D14A2674B0E6004000BE /* UACalYearView.swift */ = {isa = PBXFileReference; lastKnownFileType = sourcecode.swift; path = UACalYearView.swift; sourceTree = "<group>"; };
		0583956A266EE572009B6C58 /* FlexibleCalendar.app */ = {isa = PBXFileReference; explicitFileType = wrapper.application; includeInIndex = 0; path = FlexibleCalendar.app; sourceTree = BUILT_PRODUCTS_DIR; };
		0583956D266EE572009B6C58 /* AppDelegate.swift */ = {isa = PBXFileReference; lastKnownFileType = sourcecode.swift; path = AppDelegate.swift; sourceTree = "<group>"; };
		0583956F266EE575009B6C58 /* Assets.xcassets */ = {isa = PBXFileReference; lastKnownFileType = folder.assetcatalog; path = Assets.xcassets; sourceTree = "<group>"; };
		05839572266EE575009B6C58 /* Base */ = {isa = PBXFileReference; lastKnownFileType = file.xib; name = Base; path = Base.lproj/MainMenu.xib; sourceTree = "<group>"; };
		05839574266EE575009B6C58 /* Info.plist */ = {isa = PBXFileReference; lastKnownFileType = text.plist.xml; path = Info.plist; sourceTree = "<group>"; };
		05839575266EE575009B6C58 /* FlexibleCalendar.entitlements */ = {isa = PBXFileReference; lastKnownFileType = text.plist.entitlements; path = FlexibleCalendar.entitlements; sourceTree = "<group>"; };
		0583957F266EE7B8009B6C58 /* UADateUtil.swift */ = {isa = PBXFileReference; fileEncoding = 4; lastKnownFileType = sourcecode.swift; path = UADateUtil.swift; sourceTree = "<group>"; };
		05839583266F0340009B6C58 /* UACalView.swift */ = {isa = PBXFileReference; lastKnownFileType = sourcecode.swift; path = UACalView.swift; sourceTree = "<group>"; };
/* End PBXFileReference section */

/* Begin PBXFrameworksBuildPhase section */
		05839567266EE572009B6C58 /* Frameworks */ = {
			isa = PBXFrameworksBuildPhase;
			buildActionMask = 2147483647;
			files = (
			);
			runOnlyForDeploymentPostprocessing = 0;
		};
/* End PBXFrameworksBuildPhase section */

/* Begin PBXGroup section */
		05839561266EE572009B6C58 = {
			isa = PBXGroup;
			children = (
				0583956C266EE572009B6C58 /* FlexibleCalendar */,
				0583956B266EE572009B6C58 /* Products */,
			);
			sourceTree = "<group>";
		};
		0583956B266EE572009B6C58 /* Products */ = {
			isa = PBXGroup;
			children = (
				0583956A266EE572009B6C58 /* FlexibleCalendar.app */,
			);
			name = Products;
			sourceTree = "<group>";
		};
		0583956C266EE572009B6C58 /* FlexibleCalendar */ = {
			isa = PBXGroup;
			children = (
				0541903F267ACF58004A4AC9 /* holiday.json */,
				0583956D266EE572009B6C58 /* AppDelegate.swift */,
				0550D14A2674B0E6004000BE /* UACalYearView.swift */,
				05839583266F0340009B6C58 /* UACalView.swift */,
				0550D1442671E952004000BE /* UADayView.swift */,
				0550D14626734517004000BE /* UAHeadView.swift */,
				0583957F266EE7B8009B6C58 /* UADateUtil.swift */,
				0550D1482673458C004000BE /* FlippedView.swift */,
				0583956F266EE575009B6C58 /* Assets.xcassets */,
				05839571266EE575009B6C58 /* MainMenu.xib */,
				05839574266EE575009B6C58 /* Info.plist */,
				05839575266EE575009B6C58 /* FlexibleCalendar.entitlements */,
			);
			path = FlexibleCalendar;
			sourceTree = "<group>";
		};
/* End PBXGroup section */

/* Begin PBXNativeTarget section */
		05839569266EE572009B6C58 /* FlexibleCalendar */ = {
			isa = PBXNativeTarget;
			buildConfigurationList = 05839578266EE575009B6C58 /* Build configuration list for PBXNativeTarget "FlexibleCalendar" */;
			buildPhases = (
				05839566266EE572009B6C58 /* Sources */,
				05839567266EE572009B6C58 /* Frameworks */,
				05839568266EE572009B6C58 /* Resources */,
			);
			buildRules = (
			);
			dependencies = (
			);
			name = FlexibleCalendar;
			productName = FlexibleCalendar;
			productReference = 0583956A266EE572009B6C58 /* FlexibleCalendar.app */;
			productType = "com.apple.product-type.application";
		};
/* End PBXNativeTarget section */

/* Begin PBXProject section */
		05839562266EE572009B6C58 /* Project object */ = {
			isa = PBXProject;
			attributes = {
				LastSwiftUpdateCheck = 1130;
				LastUpgradeCheck = 1130;
				ORGANIZATIONNAME = "権兵衛";
				TargetAttributes = {
					05839569266EE572009B6C58 = {
						CreatedOnToolsVersion = 11.3.1;
					};
				};
			};
			buildConfigurationList = 05839565266EE572009B6C58 /* Build configuration list for PBXProject "FlexibleCalendar" */;
			compatibilityVersion = "Xcode 9.3";
			developmentRegion = en;
			hasScannedForEncodings = 0;
			knownRegions = (
				en,
				Base,
			);
			mainGroup = 05839561266EE572009B6C58;
			productRefGroup = 0583956B266EE572009B6C58 /* Products */;
			projectDirPath = "";
			projectRoot = "";
			targets = (
				05839569266EE572009B6C58 /* FlexibleCalendar */,
			);
		};
/* End PBXProject section */

/* Begin PBXResourcesBuildPhase section */
		05839568266EE572009B6C58 /* Resources */ = {
			isa = PBXResourcesBuildPhase;
			buildActionMask = 2147483647;
			files = (
				05839570266EE575009B6C58 /* Assets.xcassets in Resources */,
				05839573266EE575009B6C58 /* MainMenu.xib in Resources */,
				05419040267ACF58004A4AC9 /* holiday.json in Resources */,
			);
			runOnlyForDeploymentPostprocessing = 0;
		};
/* End PBXResourcesBuildPhase section */

/* Begin PBXSourcesBuildPhase section */
		05839566266EE572009B6C58 /* Sources */ = {
			isa = PBXSourcesBuildPhase;
			buildActionMask = 2147483647;
			files = (
				0583956E266EE572009B6C58 /* AppDelegate.swift in Sources */,
				0550D1452671E952004000BE /* UADayView.swift in Sources */,
				0550D14726734517004000BE /* UAHeadView.swift in Sources */,
				0550D1492673458C004000BE /* FlippedView.swift in Sources */,
				05839580266EE7B8009B6C58 /* UADateUtil.swift in Sources */,
				05839584266F0340009B6C58 /* UACalView.swift in Sources */,
				0550D14B2674B0E6004000BE /* UACalYearView.swift in Sources */,
			);
			runOnlyForDeploymentPostprocessing = 0;
		};
/* End PBXSourcesBuildPhase section */

/* Begin PBXVariantGroup section */
		05839571266EE575009B6C58 /* MainMenu.xib */ = {
			isa = PBXVariantGroup;
			children = (
				05839572266EE575009B6C58 /* Base */,
			);
			name = MainMenu.xib;
			sourceTree = "<group>";
		};
/* End PBXVariantGroup section */

/* Begin XCBuildConfiguration section */
		05839576266EE575009B6C58 /* Debug */ = {
			isa = XCBuildConfiguration;
			buildSettings = {
				ALWAYS_SEARCH_USER_PATHS = NO;
				CLANG_ANALYZER_NONNULL = YES;
				CLANG_ANALYZER_NUMBER_OBJECT_CONVERSION = YES_AGGRESSIVE;
				CLANG_CXX_LANGUAGE_STANDARD = "gnu++14";
				CLANG_CXX_LIBRARY = "libc++";
				CLANG_ENABLE_MODULES = YES;
				CLANG_ENABLE_OBJC_ARC = YES;
				CLANG_ENABLE_OBJC_WEAK = YES;
				CLANG_WARN_BLOCK_CAPTURE_AUTORELEASING = YES;
				CLANG_WARN_BOOL_CONVERSION = YES;
				CLANG_WARN_COMMA = YES;
				CLANG_WARN_CONSTANT_CONVERSION = YES;
				CLANG_WARN_DEPRECATED_OBJC_IMPLEMENTATIONS = YES;
				CLANG_WARN_DIRECT_OBJC_ISA_USAGE = YES_ERROR;
				CLANG_WARN_DOCUMENTATION_COMMENTS = YES;
				CLANG_WARN_EMPTY_BODY = YES;
				CLANG_WARN_ENUM_CONVERSION = YES;
				CLANG_WARN_INFINITE_RECURSION = YES;
				CLANG_WARN_INT_CONVERSION = YES;
				CLANG_WARN_NON_LITERAL_NULL_CONVERSION = YES;
				CLANG_WARN_OBJC_IMPLICIT_RETAIN_SELF = YES;
				CLANG_WARN_OBJC_LITERAL_CONVERSION = YES;
				CLANG_WARN_OBJC_ROOT_CLASS = YES_ERROR;
				CLANG_WARN_RANGE_LOOP_ANALYSIS = YES;
				CLANG_WARN_STRICT_PROTOTYPES = YES;
				CLANG_WARN_SUSPICIOUS_MOVE = YES;
				CLANG_WARN_UNGUARDED_AVAILABILITY = YES_AGGRESSIVE;
				CLANG_WARN_UNREACHABLE_CODE = YES;
				CLANG_WARN__DUPLICATE_METHOD_MATCH = YES;
				COPY_PHASE_STRIP = NO;
				DEBUG_INFORMATION_FORMAT = dwarf;
				ENABLE_STRICT_OBJC_MSGSEND = YES;
				ENABLE_TESTABILITY = YES;
				GCC_C_LANGUAGE_STANDARD = gnu11;
				GCC_DYNAMIC_NO_PIC = NO;
				GCC_NO_COMMON_BLOCKS = YES;
				GCC_OPTIMIZATION_LEVEL = 0;
				GCC_PREPROCESSOR_DEFINITIONS = (
					"DEBUG=1",
					"$(inherited)",
				);
				GCC_WARN_64_TO_32_BIT_CONVERSION = YES;
				GCC_WARN_ABOUT_RETURN_TYPE = YES_ERROR;
				GCC_WARN_UNDECLARED_SELECTOR = YES;
				GCC_WARN_UNINITIALIZED_AUTOS = YES_AGGRESSIVE;
				GCC_WARN_UNUSED_FUNCTION = YES;
				GCC_WARN_UNUSED_VARIABLE = YES;
				MACOSX_DEPLOYMENT_TARGET = 10.14;
				MTL_ENABLE_DEBUG_INFO = INCLUDE_SOURCE;
				MTL_FAST_MATH = YES;
				ONLY_ACTIVE_ARCH = YES;
				SDKROOT = macosx;
				SWIFT_ACTIVE_COMPILATION_CONDITIONS = DEBUG;
				SWIFT_OPTIMIZATION_LEVEL = "-Onone";
			};
			name = Debug;
		};
		05839577266EE575009B6C58 /* Release */ = {
			isa = XCBuildConfiguration;
			buildSettings = {
				ALWAYS_SEARCH_USER_PATHS = NO;
				CLANG_ANALYZER_NONNULL = YES;
				CLANG_ANALYZER_NUMBER_OBJECT_CONVERSION = YES_AGGRESSIVE;
				CLANG_CXX_LANGUAGE_STANDARD = "gnu++14";
				CLANG_CXX_LIBRARY = "libc++";
				CLANG_ENABLE_MODULES = YES;
				CLANG_ENABLE_OBJC_ARC = YES;
				CLANG_ENABLE_OBJC_WEAK = YES;
				CLANG_WARN_BLOCK_CAPTURE_AUTORELEASING = YES;
				CLANG_WARN_BOOL_CONVERSION = YES;
				CLANG_WARN_COMMA = YES;
				CLANG_WARN_CONSTANT_CONVERSION = YES;
				CLANG_WARN_DEPRECATED_OBJC_IMPLEMENTATIONS = YES;
				CLANG_WARN_DIRECT_OBJC_ISA_USAGE = YES_ERROR;
				CLANG_WARN_DOCUMENTATION_COMMENTS = YES;
				CLANG_WARN_EMPTY_BODY = YES;
				CLANG_WARN_ENUM_CONVERSION = YES;
				CLANG_WARN_INFINITE_RECURSION = YES;
				CLANG_WARN_INT_CONVERSION = YES;
				CLANG_WARN_NON_LITERAL_NULL_CONVERSION = YES;
				CLANG_WARN_OBJC_IMPLICIT_RETAIN_SELF = YES;
				CLANG_WARN_OBJC_LITERAL_CONVERSION = YES;
				CLANG_WARN_OBJC_ROOT_CLASS = YES_ERROR;
				CLANG_WARN_RANGE_LOOP_ANALYSIS = YES;
				CLANG_WARN_STRICT_PROTOTYPES = YES;
				CLANG_WARN_SUSPICIOUS_MOVE = YES;
				CLANG_WARN_UNGUARDED_AVAILABILITY = YES_AGGRESSIVE;
				CLANG_WARN_UNREACHABLE_CODE = YES;
				CLANG_WARN__DUPLICATE_METHOD_MATCH = YES;
				COPY_PHASE_STRIP = NO;
				DEBUG_INFORMATION_FORMAT = "dwarf-with-dsym";
				ENABLE_NS_ASSERTIONS = NO;
				ENABLE_STRICT_OBJC_MSGSEND = YES;
				GCC_C_LANGUAGE_STANDARD = gnu11;
				GCC_NO_COMMON_BLOCKS = YES;
				GCC_WARN_64_TO_32_BIT_CONVERSION = YES;
				GCC_WARN_ABOUT_RETURN_TYPE = YES_ERROR;
				GCC_WARN_UNDECLARED_SELECTOR = YES;
				GCC_WARN_UNINITIALIZED_AUTOS = YES_AGGRESSIVE;
				GCC_WARN_UNUSED_FUNCTION = YES;
				GCC_WARN_UNUSED_VARIABLE = YES;
				MACOSX_DEPLOYMENT_TARGET = 10.14;
				MTL_ENABLE_DEBUG_INFO = NO;
				MTL_FAST_MATH = YES;
				SDKROOT = macosx;
				SWIFT_COMPILATION_MODE = wholemodule;
				SWIFT_OPTIMIZATION_LEVEL = "-O";
			};
			name = Release;
		};
		05839579266EE575009B6C58 /* Debug */ = {
			isa = XCBuildConfiguration;
			buildSettings = {
				ASSETCATALOG_COMPILER_APPICON_NAME = AppIcon;
				CODE_SIGN_ENTITLEMENTS = FlexibleCalendar/FlexibleCalendar.entitlements;
				CODE_SIGN_STYLE = Automatic;
				COMBINE_HIDPI_IMAGES = YES;
				INFOPLIST_FILE = FlexibleCalendar/Info.plist;
				LD_RUNPATH_SEARCH_PATHS = (
					"$(inherited)",
					"@executable_path/../Frameworks",
				);
				PRODUCT_BUNDLE_IDENTIFIER = com.mikomokaru.FlexibleCalendar;
				PRODUCT_NAME = "$(TARGET_NAME)";
				SWIFT_VERSION = 5.0;
			};
			name = Debug;
		};
		0583957A266EE575009B6C58 /* Release */ = {
			isa = XCBuildConfiguration;
			buildSettings = {
				ASSETCATALOG_COMPILER_APPICON_NAME = AppIcon;
				CODE_SIGN_ENTITLEMENTS = FlexibleCalendar/FlexibleCalendar.entitlements;
				CODE_SIGN_STYLE = Automatic;
				COMBINE_HIDPI_IMAGES = YES;
				INFOPLIST_FILE = FlexibleCalendar/Info.plist;
				LD_RUNPATH_SEARCH_PATHS = (
					"$(inherited)",
					"@executable_path/../Frameworks",
				);
				PRODUCT_BUNDLE_IDENTIFIER = com.mikomokaru.FlexibleCalendar;
				PRODUCT_NAME = "$(TARGET_NAME)";
				SWIFT_VERSION = 5.0;
			};
			name = Release;
		};
/* End XCBuildConfiguration section */

/* Begin XCConfigurationList section */
		05839565266EE572009B6C58 /* Build configuration list for PBXProject "FlexibleCalendar" */ = {
			isa = XCConfigurationList;
			buildConfigurations = (
				05839576266EE575009B6C58 /* Debug */,
				05839577266EE575009B6C58 /* Release */,
			);
			defaultConfigurationIsVisible = 0;
			defaultConfigurationName = Release;
		};
		05839578266EE575009B6C58 /* Build configuration list for PBXNativeTarget "FlexibleCalendar" */ = {
			isa = XCConfigurationList;
			buildConfigurations = (
				05839579266EE575009B6C58 /* Debug */,
				0583957A266EE575009B6C58 /* Release */,
			);
			defaultConfigurationIsVisible = 0;
			defaultConfigurationName = Release;
		};
/* End XCConfigurationList section */
	};
	rootObject = 05839562266EE572009B6C58 /* Project object */;
}
